
Microsoft Visual Studio Solution File, Format Version 12.00
Project("{FAE04EC0-301F-11D3-BF4B-00C04F79EFBC}") = "EFHotel.Tests", "EFHotel.Tests\EFHotel.Tests.csproj", "{C87515E3-D54C-417D-B78A-5080EA7B00EA}"
EndProject
Project("{FAE04EC0-301F-11D3-BF4B-00C04F79EFBC}") = "EFHotel.Data", "..\EFHotel.Data\EFHotel.Data\EFHotel.Data.csproj", "{98BD72ED-BF7D-4F19-A059-51D131F8C53F}"
EndProject
Project("{FAE04EC0-301F-11D3-BF4B-00C04F79EFBC}") = "EFHotel.Models", "..\EFHotel.Models\EFHotel.Models\EFHotel.Models.csproj", "{0A370E0C-ACC5-465F-8DD2-F88C755EBFEF}"
EndProject
Global
	GlobalSection(SolutionConfigurationPlatforms) = preSolution
		Debug|Any CPU = Debug|Any CPU
		Release|Any CPU = Release|Any CPU
	EndGlobalSection
	GlobalSection(ProjectConfigurationPlatforms) = postSolution
		{C87515E3-D54C-417D-B78A-5080EA7B00EA}.Debug|Any CPU.ActiveCfg = Debug|Any CPU
		{C87515E3-D54C-417D-B78A-5080EA7B00EA}.Debug|Any CPU.Build.0 = Debug|Any CPU
		{C87515E3-D54C-417D-B78A-5080EA7B00EA}.Release|Any CPU.ActiveCfg = Release|Any CPU
		{C87515E3-D54C-417D-B78A-5080EA7B00EA}.Release|Any CPU.Build.0 = Release|Any CPU
		{98BD72ED-BF7D-4F19-A059-51D131F8C53F}.Debug|Any CPU.ActiveCfg = Debug|Any CPU
		{98BD72ED-BF7D-4F19-A059-51D131F8C53F}.Debug|Any CPU.Build.0 = Debug|Any CPU
		{98BD72ED-BF7D-4F19-A059-51D131F8C53F}.Release|Any CPU.ActiveCfg = Release|Any CPU
		{98BD72ED-BF7D-4F19-A059-51D131F8C53F}.Release|Any CPU.Build.0 = Release|Any CPU
		{0A370E0C-ACC5-465F-8DD2-F88C755EBFEF}.Debug|Any CPU.ActiveCfg = Debug|Any CPU
		{0A370E0C-ACC5-465F-8DD2-F88C755EBFEF}.Debug|Any CPU.Build.0 = Debug|Any CPU
		{0A370E0C-ACC5-465F-8DD2-F88C755EBFEF}.Release|Any CPU.ActiveCfg = Release|Any CPU
		{0A370E0C-ACC5-465F-8DD2-F88C755EBFEF}.Release|Any CPU.Build.0 = Release|Any CPU
	EndGlobalSection
EndGlobal
